
Microsoft Visual Studio Solution File, Format Version 12.00
# Visual Studio Version 17
VisualStudioVersion = 17.7.34202.233
MinimumVisualStudioVersion = 10.0.40219.1
Project("{FAE04EC0-301F-11D3-BF4B-00C04F79EFBC}") = "16.The For Loop", "16.The For Loop.csproj", "{18DC96B2-AF0E-455A-977C-E2DA79B31079}"
EndProject
Global
	GlobalSection(SolutionConfigurationPlatforms) = preSolution
		Debug|Any CPU = Debug|Any CPU
		Release|Any CPU = Release|Any CPU
	EndGlobalSection
	GlobalSection(ProjectConfigurationPlatforms) = postSolution
		{18DC96B2-AF0E-455A-977C-E2DA79B31079}.Debug|Any CPU.ActiveCfg = Debug|Any CPU
		{18DC96B2-AF0E-455A-977C-E2DA79B31079}.Debug|Any CPU.Build.0 = Debug|Any CPU
		{18DC96B2-AF0E-455A-977C-E2DA79B31079}.Release|Any CPU.ActiveCfg = Release|Any CPU
		{18DC96B2-AF0E-455A-977C-E2DA79B31079}.Release|Any CPU.Build.0 = Release|Any CPU
	EndGlobalSection
	GlobalSection(SolutionProperties) = preSolution
		HideSolutionNode = FALSE
	EndGlobalSection
	GlobalSection(ExtensibilityGlobals) = postSolution
		SolutionGuid = {A6890A4E-E1EB-429A-B5A9-4FD38224B1AD}
	EndGlobalSection
EndGlobal
